
Microsoft Visual Studio Solution File, Format Version 12.00
# Visual Studio 15
VisualStudioVersion = 15.0.28307.136
MinimumVisualStudioVersion = 10.0.40219.1
Project("{FAE04EC0-301F-11D3-BF4B-00C04F79EFBC}") = "osmtiles", "osmtiles\osmtiles.csproj", "{88F3F651-60F2-4CF9-80E9-3307CA45124F}"
EndProject
Global
	GlobalSection(SolutionConfigurationPlatforms) = preSolution
		Debug|Any CPU = Debug|Any CPU
		Release|Any CPU = Release|Any CPU
	EndGlobalSection
	GlobalSection(ProjectConfigurationPlatforms) = postSolution
		{88F3F651-60F2-4CF9-80E9-3307CA45124F}.Debug|Any CPU.ActiveCfg = Debug|Any CPU
		{88F3F651-60F2-4CF9-80E9-3307CA45124F}.Debug|Any CPU.Build.0 = Debug|Any CPU
		{88F3F651-60F2-4CF9-80E9-3307CA45124F}.Release|Any CPU.ActiveCfg = Release|Any CPU
		{88F3F651-60F2-4CF9-80E9-3307CA45124F}.Release|Any CPU.Build.0 = Release|Any CPU
	EndGlobalSection
	GlobalSection(SolutionProperties) = preSolution
		HideSolutionNode = FALSE
	EndGlobalSection
	GlobalSection(ExtensibilityGlobals) = postSolution
		SolutionGuid = {FB9F6866-7CDE-43AD-BA1F-6CE82ADE9EB0}
	EndGlobalSection
EndGlobal
